
Microsoft Visual Studio Solution File, Format Version 12.00
# Visual Studio Version 17
VisualStudioVersion = 17.0.31717.71
MinimumVisualStudioVersion = 10.0.40219.1
Project("{FAE04EC0-301F-11D3-BF4B-00C04F79EFBC}") = "BlazorCrossPlatform", "BlazorCrossPlatform\BlazorCrossPlatform.csproj", "{480F54C6-B19B-43DF-A10C-558A32194C1E}"
EndProject
Project("{FAE04EC0-301F-11D3-BF4B-00C04F79EFBC}") = "BlazorWinForms", "BlazorWinForms\BlazorWinForms.csproj", "{9A7A0225-9976-4A16-8494-7C92BC291B1D}"
EndProject
Project("{FAE04EC0-301F-11D3-BF4B-00C04F79EFBC}") = "BlazorClassLibrary", "BlazorClassLibrary\BlazorClassLibrary.csproj", "{48807143-22F4-4010-B883-D208C931EC52}"
EndProject
Global
	GlobalSection(SolutionConfigurationPlatforms) = preSolution
		Debug|Any CPU = Debug|Any CPU
		Release|Any CPU = Release|Any CPU
	EndGlobalSection
	GlobalSection(ProjectConfigurationPlatforms) = postSolution
		{480F54C6-B19B-43DF-A10C-558A32194C1E}.Debug|Any CPU.ActiveCfg = Debug|Any CPU
		{480F54C6-B19B-43DF-A10C-558A32194C1E}.Debug|Any CPU.Build.0 = Debug|Any CPU
		{480F54C6-B19B-43DF-A10C-558A32194C1E}.Release|Any CPU.ActiveCfg = Release|Any CPU
		{480F54C6-B19B-43DF-A10C-558A32194C1E}.Release|Any CPU.Build.0 = Release|Any CPU
		{9A7A0225-9976-4A16-8494-7C92BC291B1D}.Debug|Any CPU.ActiveCfg = Debug|Any CPU
		{9A7A0225-9976-4A16-8494-7C92BC291B1D}.Debug|Any CPU.Build.0 = Debug|Any CPU
		{9A7A0225-9976-4A16-8494-7C92BC291B1D}.Release|Any CPU.ActiveCfg = Release|Any CPU
		{9A7A0225-9976-4A16-8494-7C92BC291B1D}.Release|Any CPU.Build.0 = Release|Any CPU
		{48807143-22F4-4010-B883-D208C931EC52}.Debug|Any CPU.ActiveCfg = Debug|Any CPU
		{48807143-22F4-4010-B883-D208C931EC52}.Debug|Any CPU.Build.0 = Debug|Any CPU
		{48807143-22F4-4010-B883-D208C931EC52}.Release|Any CPU.ActiveCfg = Release|Any CPU
		{48807143-22F4-4010-B883-D208C931EC52}.Release|Any CPU.Build.0 = Release|Any CPU
	EndGlobalSection
	GlobalSection(SolutionProperties) = preSolution
		HideSolutionNode = FALSE
	EndGlobalSection
	GlobalSection(ExtensibilityGlobals) = postSolution
		SolutionGuid = {2299F883-6D69-4AAF-BFA7-9E797FDA7994}
	EndGlobalSection
EndGlobal
